
Microsoft Visual Studio Solution File, Format Version 12.00
# Visual Studio Version 16
VisualStudioVersion = 16.0.31321.278
MinimumVisualStudioVersion = 10.0.40219.1
Project("{FAE04EC0-301F-11D3-BF4B-00C04F79EFBC}") = "gitprdemo", "gitprdemo\gitprdemo.csproj", "{EC84FEBE-57F6-41F0-9A24-7418EB41622F}"
EndProject
Global
	GlobalSection(SolutionConfigurationPlatforms) = preSolution
		Debug|Any CPU = Debug|Any CPU
		Release|Any CPU = Release|Any CPU
	EndGlobalSection
	GlobalSection(ProjectConfigurationPlatforms) = postSolution
		{EC84FEBE-57F6-41F0-9A24-7418EB41622F}.Debug|Any CPU.ActiveCfg = Debug|Any CPU
		{EC84FEBE-57F6-41F0-9A24-7418EB41622F}.Debug|Any CPU.Build.0 = Debug|Any CPU
		{EC84FEBE-57F6-41F0-9A24-7418EB41622F}.Release|Any CPU.ActiveCfg = Release|Any CPU
		{EC84FEBE-57F6-41F0-9A24-7418EB41622F}.Release|Any CPU.Build.0 = Release|Any CPU
	EndGlobalSection
	GlobalSection(SolutionProperties) = preSolution
		HideSolutionNode = FALSE
	EndGlobalSection
	GlobalSection(ExtensibilityGlobals) = postSolution
		SolutionGuid = {CC4689F8-C51A-41E6-8C67-A3A4C3DA52BE}
	EndGlobalSection
EndGlobal
